
Microsoft Visual Studio Solution File, Format Version 12.00
# Visual Studio 15
VisualStudioVersion = 15.0.28307.136
MinimumVisualStudioVersion = 10.0.40219.1
Project("{FAE04EC0-301F-11D3-BF4B-00C04F79EFBC}") = "LightspeedAirlinesDotNetCore2", "LightspeedAirlinesDotNetCore2\LightspeedAirlinesDotNetCore2.csproj", "{1A199D1F-47C4-48B9-BC94-9FECFF7029EE}"
EndProject
Global
	GlobalSection(SolutionConfigurationPlatforms) = preSolution
		Debug|Any CPU = Debug|Any CPU
		Release|Any CPU = Release|Any CPU
	EndGlobalSection
	GlobalSection(ProjectConfigurationPlatforms) = postSolution
		{1A199D1F-47C4-48B9-BC94-9FECFF7029EE}.Debug|Any CPU.ActiveCfg = Debug|Any CPU
		{1A199D1F-47C4-48B9-BC94-9FECFF7029EE}.Debug|Any CPU.Build.0 = Debug|Any CPU
		{1A199D1F-47C4-48B9-BC94-9FECFF7029EE}.Release|Any CPU.ActiveCfg = Release|Any CPU
		{1A199D1F-47C4-48B9-BC94-9FECFF7029EE}.Release|Any CPU.Build.0 = Release|Any CPU
	EndGlobalSection
	GlobalSection(SolutionProperties) = preSolution
		HideSolutionNode = FALSE
	EndGlobalSection
	GlobalSection(ExtensibilityGlobals) = postSolution
		SolutionGuid = {38EAD535-D885-4381-BE7D-588AE5A036DD}
	EndGlobalSection
EndGlobal
